
Microsoft Visual Studio Solution File, Format Version 12.00
# Visual Studio Version 17
VisualStudioVersion = 17.3.32922.545
MinimumVisualStudioVersion = 10.0.40219.1
Project("{FAE04EC0-301F-11D3-BF4B-00C04F79EFBC}") = "THUGSHAKER", "THUGSHAKER\THUGSHAKER.csproj", "{A51CBD46-4805-4254-BBE4-A2A38A8E54B0}"
EndProject
Global
	GlobalSection(SolutionConfigurationPlatforms) = preSolution
		Debug|Any CPU = Debug|Any CPU
		Release|Any CPU = Release|Any CPU
	EndGlobalSection
	GlobalSection(ProjectConfigurationPlatforms) = postSolution
		{A51CBD46-4805-4254-BBE4-A2A38A8E54B0}.Debug|Any CPU.ActiveCfg = Debug|Any CPU
		{A51CBD46-4805-4254-BBE4-A2A38A8E54B0}.Debug|Any CPU.Build.0 = Debug|Any CPU
		{A51CBD46-4805-4254-BBE4-A2A38A8E54B0}.Release|Any CPU.ActiveCfg = Release|Any CPU
		{A51CBD46-4805-4254-BBE4-A2A38A8E54B0}.Release|Any CPU.Build.0 = Release|Any CPU
	EndGlobalSection
	GlobalSection(SolutionProperties) = preSolution
		HideSolutionNode = FALSE
	EndGlobalSection
	GlobalSection(ExtensibilityGlobals) = postSolution
		SolutionGuid = {C56E0035-30D1-4B3C-8197-CAD09730DC11}
	EndGlobalSection
EndGlobal
